# This is a Gradle generated file for dependency locking.
# Manual edits can break the build and are not advised.
# This file is expected to be part of source control.
androidx.core:core-ktx:0.3
com.android.support.test:exposed-instrumentation-api-publish:0.5
com.android.support.test:rules:0.5
com.android.support.test:runner:0.5
com.android.support:support-annotations:27.1.1
com.evernote:android-job:1.2.6
com.facebook.soloader:soloader:0.3.0
com.google.android.gms:play-services-base:15.0.1
com.google.android.gms:play-services-basement:15.0.1
com.google.android.gms:play-services-gcm:15.0.1
com.google.android.gms:play-services-iid:15.0.1
com.google.android.gms:play-services-stats:15.0.1
com.google.android.gms:play-services-tasks:15.0.1
com.google.code.gson:gson:2.8.5
com.squareup.assertj:assertj-android:1.1.1
com.squareup.okhttp3:okhttp:3.11.0
com.squareup.okio:okio:1.14.0
io.reactivex.rxjava2:rxandroid:2.0.2
io.reactivex.rxjava2:rxjava:2.1.17
io.reactivex.rxjava2:rxkotlin:2.3.0
javax.inject:javax.inject:1
junit:junit:4.12
org.assertj:assertj-core:1.7.1
org.hamcrest:hamcrest-core:1.3
org.jetbrains.kotlin:kotlin-stdlib-common:1.2.70
org.jetbrains.kotlin:kotlin-stdlib-jdk7:1.2.70
org.jetbrains.kotlin:kotlin-stdlib-jdk8:1.2.70
org.jetbrains.kotlin:kotlin-stdlib:1.2.70
org.jetbrains:annotations:13.0
org.reactivestreams:reactive-streams:1.0.2
